// !$*UTF8*$!
{
	archiveVersion = 1;
	classes = {
	};
	objectVersion = 46;
	objects = {

/* Begin PBXBuildFile section */
		82AAAF4D18B3A13300E4A221 /* Foundation.framework in Frameworks */ = {isa = PBXBuildFile; fileRef = 82AAAF4C18B3A13300E4A221 /* Foundation.framework */; };
		82AAAF4F18B3A13300E4A221 /* CoreGraphics.framework in Frameworks */ = {isa = PBXBuildFile; fileRef = 82AAAF4E18B3A13300E4A221 /* CoreGraphics.framework */; };
		82AAAF5118B3A13300E4A221 /* UIKit.framework in Frameworks */ = {isa = PBXBuildFile; fileRef = 82AAAF5018B3A13300E4A221 /* UIKit.framework */; };
		82AAAF5718B3A13300E4A221 /* InfoPlist.strings in Resources */ = {isa = PBXBuildFile; fileRef = 82AAAF5518B3A13300E4A221 /* InfoPlist.strings */; };
		82AAAF5918B3A13300E4A221 /* main.m in Sources */ = {isa = PBXBuildFile; fileRef = 82AAAF5818B3A13300E4A221 /* main.m */; };
		82AAAF5D18B3A13300E4A221 /* WEAppDelegate.m in Sources */ = {isa = PBXBuildFile; fileRef = 82AAAF5C18B3A13300E4A221 /* WEAppDelegate.m */; };
		82AAAF6018B3A13300E4A221 /* Main_iPhone.storyboard in Resources */ = {isa = PBXBuildFile; fileRef = 82AAAF5E18B3A13300E4A221 /* Main_iPhone.storyboard */; };
		82AAAF6318B3A13300E4A221 /* Main_iPad.storyboard in Resources */ = {isa = PBXBuildFile; fileRef = 82AAAF6118B3A13300E4A221 /* Main_iPad.storyboard */; };
		82AAAF6618B3A13300E4A221 /* WEViewController.m in Sources */ = {isa = PBXBuildFile; fileRef = 82AAAF6518B3A13300E4A221 /* WEViewController.m */; };
		82AAAF6818B3A13300E4A221 /* Images.xcassets in Resources */ = {isa = PBXBuildFile; fileRef = 82AAAF6718B3A13300E4A221 /* Images.xcassets */; };
		82AAAF6F18B3A13400E4A221 /* XCTest.framework in Frameworks */ = {isa = PBXBuildFile; fileRef = 82AAAF6E18B3A13400E4A221 /* XCTest.framework */; };
		82AAAF7018B3A13400E4A221 /* Foundation.framework in Frameworks */ = {isa = PBXBuildFile; fileRef = 82AAAF4C18B3A13300E4A221 /* Foundation.framework */; };
		82AAAF7118B3A13400E4A221 /* UIKit.framework in Frameworks */ = {isa = PBXBuildFile; fileRef = 82AAAF5018B3A13300E4A221 /* UIKit.framework */; };
		82AAAF7918B3A13400E4A221 /* InfoPlist.strings in Resources */ = {isa = PBXBuildFile; fileRef = 82AAAF7718B3A13400E4A221 /* InfoPlist.strings */; };
		82AAAF7B18B3A13400E4A221 /* WoodoTestTests.m in Sources */ = {isa = PBXBuildFile; fileRef = 82AAAF7A18B3A13400E4A221 /* WoodoTestTests.m */; };
		82AAAF8618B3A15900E4A221 /* Woodo.framework in Frameworks */ = {isa = PBXBuildFile; fileRef = 82AAAF8418B3A14B00E4A221 /* Woodo.framework */; };
		82C4721F18B3C06E00BA1078 /* ControllerView.xib in Resources */ = {isa = PBXBuildFile; fileRef = 82C4721E18B3C06E00BA1078 /* ControllerView.xib */; };
		82C4722218B3D5A100BA1078 /* ControllerView.m in Sources */ = {isa = PBXBuildFile; fileRef = 82C4722118B3D5A100BA1078 /* ControllerView.m */; };
/* End PBXBuildFile section */

/* Begin PBXContainerItemProxy section */
		82AAAF7218B3A13400E4A221 /* PBXContainerItemProxy */ = {
			isa = PBXContainerItemProxy;
			containerPortal = 82AAAF4118B3A13300E4A221 /* Project object */;
			proxyType = 1;
			remoteGlobalIDString = 82AAAF4818B3A13300E4A221;
			remoteInfo = WoodoTest;
		};
/* End PBXContainerItemProxy section */

/* Begin PBXFileReference section */
		82AAAF4918B3A13300E4A221 /* WoodoTest.app */ = {isa = PBXFileReference; explicitFileType = wrapper.application; includeInIndex = 0; path = WoodoTest.app; sourceTree = BUILT_PRODUCTS_DIR; };
		82AAAF4C18B3A13300E4A221 /* Foundation.framework */ = {isa = PBXFileReference; lastKnownFileType = wrapper.framework; name = Foundation.framework; path = System/Library/Frameworks/Foundation.framework; sourceTree = SDKROOT; };
		82AAAF4E18B3A13300E4A221 /* CoreGraphics.framework */ = {isa = PBXFileReference; lastKnownFileType = wrapper.framework; name = CoreGraphics.framework; path = System/Library/Frameworks/CoreGraphics.framework; sourceTree = SDKROOT; };
		82AAAF5018B3A13300E4A221 /* UIKit.framework */ = {isa = PBXFileReference; lastKnownFileType = wrapper.framework; name = UIKit.framework; path = System/Library/Frameworks/UIKit.framework; sourceTree = SDKROOT; };
		82AAAF5418B3A13300E4A221 /* WoodoTest-Info.plist */ = {isa = PBXFileReference; lastKnownFileType = text.plist.xml; path = "WoodoTest-Info.plist"; sourceTree = "<group>"; };
		82AAAF5618B3A13300E4A221 /* en */ = {isa = PBXFileReference; lastKnownFileType = text.plist.strings; name = en; path = en.lproj/InfoPlist.strings; sourceTree = "<group>"; };
		82AAAF5818B3A13300E4A221 /* main.m */ = {isa = PBXFileReference; lastKnownFileType = sourcecode.c.objc; path = main.m; sourceTree = "<group>"; };
		82AAAF5A18B3A13300E4A221 /* WoodoTest-Prefix.pch */ = {isa = PBXFileReference; lastKnownFileType = sourcecode.c.h; path = "WoodoTest-Prefix.pch"; sourceTree = "<group>"; };
		82AAAF5B18B3A13300E4A221 /* WEAppDelegate.h */ = {isa = PBXFileReference; lastKnownFileType = sourcecode.c.h; path = WEAppDelegate.h; sourceTree = "<group>"; };
		82AAAF5C18B3A13300E4A221 /* WEAppDelegate.m */ = {isa = PBXFileReference; lastKnownFileType = sourcecode.c.objc; path = WEAppDelegate.m; sourceTree = "<group>"; };
		82AAAF5F18B3A13300E4A221 /* Base */ = {isa = PBXFileReference; lastKnownFileType = file.storyboard; name = Base; path = Base.lproj/Main_iPhone.storyboard; sourceTree = "<group>"; };
		82AAAF6218B3A13300E4A221 /* Base */ = {isa = PBXFileReference; lastKnownFileType = file.storyboard; name = Base; path = Base.lproj/Main_iPad.storyboard; sourceTree = "<group>"; };
		82AAAF6418B3A13300E4A221 /* WEViewController.h */ = {isa = PBXFileReference; lastKnownFileType = sourcecode.c.h; path = WEViewController.h; sourceTree = "<group>"; };
		82AAAF6518B3A13300E4A221 /* WEViewController.m */ = {isa = PBXFileReference; lastKnownFileType = sourcecode.c.objc; path = WEViewController.m; sourceTree = "<group>"; };
		82AAAF6718B3A13300E4A221 /* Images.xcassets */ = {isa = PBXFileReference; lastKnownFileType = folder.assetcatalog; path = Images.xcassets; sourceTree = "<group>"; };
		82AAAF6D18B3A13400E4A221 /* WoodoTestTests.xctest */ = {isa = PBXFileReference; explicitFileType = wrapper.cfbundle; includeInIndex = 0; path = WoodoTestTests.xctest; sourceTree = BUILT_PRODUCTS_DIR; };
		82AAAF6E18B3A13400E4A221 /* XCTest.framework */ = {isa = PBXFileReference; lastKnownFileType = wrapper.framework; name = XCTest.framework; path = Library/Frameworks/XCTest.framework; sourceTree = DEVELOPER_DIR; };
		82AAAF7618B3A13400E4A221 /* WoodoTestTests-Info.plist */ = {isa = PBXFileReference; lastKnownFileType = text.plist.xml; path = "WoodoTestTests-Info.plist"; sourceTree = "<group>"; };
		82AAAF7818B3A13400E4A221 /* en */ = {isa = PBXFileReference; lastKnownFileType = text.plist.strings; name = en; path = en.lproj/InfoPlist.strings; sourceTree = "<group>"; };
		82AAAF7A18B3A13400E4A221 /* WoodoTestTests.m */ = {isa = PBXFileReference; lastKnownFileType = sourcecode.c.objc; path = WoodoTestTests.m; sourceTree = "<group>"; };
		82AAAF8418B3A14B00E4A221 /* Woodo.framework */ = {isa = PBXFileReference; lastKnownFileType = wrapper.framework; name = Woodo.framework; path = "../../../../Library/Developer/Xcode/DerivedData/Woodo_Workspace_iOS-bgvixyndxelodtenfquxgdrtjxxe/Build/Intermediates/ArchiveIntermediates/Woodo Project iOS/IntermediateBuildFilesPath/UninstalledProducts/Woodo.framework"; sourceTree = "<group>"; };
		82C4721E18B3C06E00BA1078 /* ControllerView.xib */ = {isa = PBXFileReference; fileEncoding = 4; lastKnownFileType = file.xib; path = ControllerView.xib; sourceTree = "<group>"; };
		82C4722018B3D5A100BA1078 /* ControllerView.h */ = {isa = PBXFileReference; fileEncoding = 4; lastKnownFileType = sourcecode.c.h; path = ControllerView.h; sourceTree = "<group>"; };
		82C4722118B3D5A100BA1078 /* ControllerView.m */ = {isa = PBXFileReference; fileEncoding = 4; lastKnownFileType = sourcecode.c.objc; path = ControllerView.m; sourceTree = "<group>"; };
/* End PBXFileReference section */

/* Begin PBXFrameworksBuildPhase section */
		82AAAF4618B3A13300E4A221 /* Frameworks */ = {
			isa = PBXFrameworksBuildPhase;
			buildActionMask = 2147483647;
			files = (
				82AAAF8618B3A15900E4A221 /* Woodo.framework in Frameworks */,
				82AAAF4F18B3A13300E4A221 /* CoreGraphics.framework in Frameworks */,
				82AAAF5118B3A13300E4A221 /* UIKit.framework in Frameworks */,
				82AAAF4D18B3A13300E4A221 /* Foundation.framework in Frameworks */,
			);
			runOnlyForDeploymentPostprocessing = 0;
		};
		82AAAF6A18B3A13400E4A221 /* Frameworks */ = {
			isa = PBXFrameworksBuildPhase;
			buildActionMask = 2147483647;
			files = (
				82AAAF6F18B3A13400E4A221 /* XCTest.framework in Frameworks */,
				82AAAF7118B3A13400E4A221 /* UIKit.framework in Frameworks */,
				82AAAF7018B3A13400E4A221 /* Foundation.framework in Frameworks */,
			);
			runOnlyForDeploymentPostprocessing = 0;
		};
/* End PBXFrameworksBuildPhase section */

/* Begin PBXGroup section */
		82AAAF4018B3A13300E4A221 = {
			isa = PBXGroup;
			children = (
				82AAAF5218B3A13300E4A221 /* WoodoTest */,
				82AAAF7418B3A13400E4A221 /* WoodoTestTests */,
				82AAAF4B18B3A13300E4A221 /* Frameworks */,
				82AAAF4A18B3A13300E4A221 /* Products */,
			);
			sourceTree = "<group>";
		};
		82AAAF4A18B3A13300E4A221 /* Products */ = {
			isa = PBXGroup;
			children = (
				82AAAF4918B3A13300E4A221 /* WoodoTest.app */,
				82AAAF6D18B3A13400E4A221 /* WoodoTestTests.xctest */,
			);
			name = Products;
			sourceTree = "<group>";
		};
		82AAAF4B18B3A13300E4A221 /* Frameworks */ = {
			isa = PBXGroup;
			children = (
				82AAAF8418B3A14B00E4A221 /* Woodo.framework */,
				82AAAF4C18B3A13300E4A221 /* Foundation.framework */,
				82AAAF4E18B3A13300E4A221 /* CoreGraphics.framework */,
				82AAAF5018B3A13300E4A221 /* UIKit.framework */,
				82AAAF6E18B3A13400E4A221 /* XCTest.framework */,
			);
			name = Frameworks;
			sourceTree = "<group>";
		};
		82AAAF5218B3A13300E4A221 /* WoodoTest */ = {
			isa = PBXGroup;
			children = (
				82AAAF5B18B3A13300E4A221 /* WEAppDelegate.h */,
				82AAAF5C18B3A13300E4A221 /* WEAppDelegate.m */,
				82AAAF5E18B3A13300E4A221 /* Main_iPhone.storyboard */,
				82AAAF6118B3A13300E4A221 /* Main_iPad.storyboard */,
				82AAAF6418B3A13300E4A221 /* WEViewController.h */,
				82AAAF6518B3A13300E4A221 /* WEViewController.m */,
				82AAAF6718B3A13300E4A221 /* Images.xcassets */,
				82AAAF5318B3A13300E4A221 /* Supporting Files */,
				82C4721E18B3C06E00BA1078 /* ControllerView.xib */,
				82C4722018B3D5A100BA1078 /* ControllerView.h */,
				82C4722118B3D5A100BA1078 /* ControllerView.m */,
			);
			path = WoodoTest;
			sourceTree = "<group>";
		};
		82AAAF5318B3A13300E4A221 /* Supporting Files */ = {
			isa = PBXGroup;
			children = (
				82AAAF5418B3A13300E4A221 /* WoodoTest-Info.plist */,
				82AAAF5518B3A13300E4A221 /* InfoPlist.strings */,
				82AAAF5818B3A13300E4A221 /* main.m */,
				82AAAF5A18B3A13300E4A221 /* WoodoTest-Prefix.pch */,
			);
			name = "Supporting Files";
			sourceTree = "<group>";
		};
		82AAAF7418B3A13400E4A221 /* WoodoTestTests */ = {
			isa = PBXGroup;
			children = (
				82AAAF7A18B3A13400E4A221 /* WoodoTestTests.m */,
				82AAAF7518B3A13400E4A221 /* Supporting Files */,
			);
			path = WoodoTestTests;
			sourceTree = "<group>";
		};
		82AAAF7518B3A13400E4A221 /* Supporting Files */ = {
			isa = PBXGroup;
			children = (
				82AAAF7618B3A13400E4A221 /* WoodoTestTests-Info.plist */,
				82AAAF7718B3A13400E4A221 /* InfoPlist.strings */,
			);
			name = "Supporting Files";
			sourceTree = "<group>";
		};
/* End PBXGroup section */

/* Begin PBXNativeTarget section */
		82AAAF4818B3A13300E4A221 /* WoodoTest */ = {
			isa = PBXNativeTarget;
			buildConfigurationList = 82AAAF7E18B3A13400E4A221 /* Build configuration list for PBXNativeTarget "WoodoTest" */;
			buildPhases = (
				82AAAF4518B3A13300E4A221 /* Sources */,
				82AAAF4618B3A13300E4A221 /* Frameworks */,
				82AAAF4718B3A13300E4A221 /* Resources */,
			);
			buildRules = (
			);
			dependencies = (
			);
			name = WoodoTest;
			productName = WoodoTest;
			productReference = 82AAAF4918B3A13300E4A221 /* WoodoTest.app */;
			productType = "com.apple.product-type.application";
		};
		82AAAF6C18B3A13400E4A221 /* WoodoTestTests */ = {
			isa = PBXNativeTarget;
			buildConfigurationList = 82AAAF8118B3A13400E4A221 /* Build configuration list for PBXNativeTarget "WoodoTestTests" */;
			buildPhases = (
				82AAAF6918B3A13400E4A221 /* Sources */,
				82AAAF6A18B3A13400E4A221 /* Frameworks */,
				82AAAF6B18B3A13400E4A221 /* Resources */,
			);
			buildRules = (
			);
			dependencies = (
				82AAAF7318B3A13400E4A221 /* PBXTargetDependency */,
			);
			name = WoodoTestTests;
			productName = WoodoTestTests;
			productReference = 82AAAF6D18B3A13400E4A221 /* WoodoTestTests.xctest */;
			productType = "com.apple.product-type.bundle.unit-test";
		};
/* End PBXNativeTarget section */

/* Begin PBXProject section */
		82AAAF4118B3A13300E4A221 /* Project object */ = {
			isa = PBXProject;
			attributes = {
				CLASSPREFIX = WE;
				LastUpgradeCheck = 0500;
				ORGANIZATIONNAME = Mobilike;
				TargetAttributes = {
					82AAAF6C18B3A13400E4A221 = {
						TestTargetID = 82AAAF4818B3A13300E4A221;
					};
				};
			};
			buildConfigurationList = 82AAAF4418B3A13300E4A221 /* Build configuration list for PBXProject "WoodoTest" */;
			compatibilityVersion = "Xcode 3.2";
			developmentRegion = English;
			hasScannedForEncodings = 0;
			knownRegions = (
				en,
				Base,
			);
			mainGroup = 82AAAF4018B3A13300E4A221;
			productRefGroup = 82AAAF4A18B3A13300E4A221 /* Products */;
			projectDirPath = "";
			projectRoot = "";
			targets = (
				82AAAF4818B3A13300E4A221 /* WoodoTest */,
				82AAAF6C18B3A13400E4A221 /* WoodoTestTests */,
			);
		};
/* End PBXProject section */

/* Begin PBXResourcesBuildPhase section */
		82AAAF4718B3A13300E4A221 /* Resources */ = {
			isa = PBXResourcesBuildPhase;
			buildActionMask = 2147483647;
			files = (
				82AAAF6318B3A13300E4A221 /* Main_iPad.storyboard in Resources */,
				82AAAF6818B3A13300E4A221 /* Images.xcassets in Resources */,
				82AAAF6018B3A13300E4A221 /* Main_iPhone.storyboard in Resources */,
				82C4721F18B3C06E00BA1078 /* ControllerView.xib in Resources */,
				82AAAF5718B3A13300E4A221 /* InfoPlist.strings in Resources */,
			);
			runOnlyForDeploymentPostprocessing = 0;
		};
		82AAAF6B18B3A13400E4A221 /* Resources */ = {
			isa = PBXResourcesBuildPhase;
			buildActionMask = 2147483647;
			files = (
				82AAAF7918B3A13400E4A221 /* InfoPlist.strings in Resources */,
			);
			runOnlyForDeploymentPostprocessing = 0;
		};
/* End PBXResourcesBuildPhase section */

/* Begin PBXSourcesBuildPhase section */
		82AAAF4518B3A13300E4A221 /* Sources */ = {
			isa = PBXSourcesBuildPhase;
			buildActionMask = 2147483647;
			files = (
				82AAAF6618B3A13300E4A221 /* WEViewController.m in Sources */,
				82AAAF5D18B3A13300E4A221 /* WEAppDelegate.m in Sources */,
				82C4722218B3D5A100BA1078 /* ControllerView.m in Sources */,
				82AAAF5918B3A13300E4A221 /* main.m in Sources */,
			);
			runOnlyForDeploymentPostprocessing = 0;
		};
		82AAAF6918B3A13400E4A221 /* Sources */ = {
			isa = PBXSourcesBuildPhase;
			buildActionMask = 2147483647;
			files = (
				82AAAF7B18B3A13400E4A221 /* WoodoTestTests.m in Sources */,
			);
			runOnlyForDeploymentPostprocessing = 0;
		};
/* End PBXSourcesBuildPhase section */

/* Begin PBXTargetDependency section */
		82AAAF7318B3A13400E4A221 /* PBXTargetDependency */ = {
			isa = PBXTargetDependency;
			target = 82AAAF4818B3A13300E4A221 /* WoodoTest */;
			targetProxy = 82AAAF7218B3A13400E4A221 /* PBXContainerItemProxy */;
		};
/* End PBXTargetDependency section */

/* Begin PBXVariantGroup section */
		82AAAF5518B3A13300E4A221 /* InfoPlist.strings */ = {
			isa = PBXVariantGroup;
			children = (
				82AAAF5618B3A13300E4A221 /* en */,
			);
			name = InfoPlist.strings;
			sourceTree = "<group>";
		};
		82AAAF5E18B3A13300E4A221 /* Main_iPhone.storyboard */ = {
			isa = PBXVariantGroup;
			children = (
				82AAAF5F18B3A13300E4A221 /* Base */,
			);
			name = Main_iPhone.storyboard;
			sourceTree = "<group>";
		};
		82AAAF6118B3A13300E4A221 /* Main_iPad.storyboard */ = {
			isa = PBXVariantGroup;
			children = (
				82AAAF6218B3A13300E4A221 /* Base */,
			);
			name = Main_iPad.storyboard;
			sourceTree = "<group>";
		};
		82AAAF7718B3A13400E4A221 /* InfoPlist.strings */ = {
			isa = PBXVariantGroup;
			children = (
				82AAAF7818B3A13400E4A221 /* en */,
			);
			name = InfoPlist.strings;
			sourceTree = "<group>";
		};
/* End PBXVariantGroup section */

/* Begin XCBuildConfiguration section */
		82AAAF7C18B3A13400E4A221 /* Debug */ = {
			isa = XCBuildConfiguration;
			buildSettings = {
				ALWAYS_SEARCH_USER_PATHS = NO;
				ARCHS = "$(ARCHS_STANDARD_INCLUDING_64_BIT)";
				CLANG_CXX_LANGUAGE_STANDARD = "gnu++0x";
				CLANG_CXX_LIBRARY = "libc++";
				CLANG_ENABLE_MODULES = YES;
				CLANG_ENABLE_OBJC_ARC = YES;
				CLANG_WARN_BOOL_CONVERSION = YES;
				CLANG_WARN_CONSTANT_CONVERSION = YES;
				CLANG_WARN_DIRECT_OBJC_ISA_USAGE = YES_ERROR;
				CLANG_WARN_EMPTY_BODY = YES;
				CLANG_WARN_ENUM_CONVERSION = YES;
				CLANG_WARN_INT_CONVERSION = YES;
				CLANG_WARN_OBJC_ROOT_CLASS = YES_ERROR;
				CLANG_WARN__DUPLICATE_METHOD_MATCH = YES;
				"CODE_SIGN_IDENTITY[sdk=iphoneos*]" = "iPhone Developer";
				COPY_PHASE_STRIP = NO;
				GCC_C_LANGUAGE_STANDARD = gnu99;
				GCC_DYNAMIC_NO_PIC = NO;
				GCC_OPTIMIZATION_LEVEL = 0;
				GCC_PREPROCESSOR_DEFINITIONS = (
					"DEBUG=1",
					"$(inherited)",
				);
				GCC_SYMBOLS_PRIVATE_EXTERN = NO;
				GCC_WARN_64_TO_32_BIT_CONVERSION = YES;
				GCC_WARN_ABOUT_RETURN_TYPE = YES_ERROR;
				GCC_WARN_UNDECLARED_SELECTOR = YES;
				GCC_WARN_UNINITIALIZED_AUTOS = YES;
				GCC_WARN_UNUSED_FUNCTION = YES;
				GCC_WARN_UNUSED_VARIABLE = YES;
				IPHONEOS_DEPLOYMENT_TARGET = 7.0;
				ONLY_ACTIVE_ARCH = YES;
				SDKROOT = iphoneos;
				TARGETED_DEVICE_FAMILY = "1,2";
			};
			name = Debug;
		};
		82AAAF7D18B3A13400E4A221 /* Release */ = {
			isa = XCBuildConfiguration;
			buildSettings = {
				ALWAYS_SEARCH_USER_PATHS = NO;
				ARCHS = "$(ARCHS_STANDARD_INCLUDING_64_BIT)";
				CLANG_CXX_LANGUAGE_STANDARD = "gnu++0x";
				CLANG_CXX_LIBRARY = "libc++";
				CLANG_ENABLE_MODULES = YES;
				CLANG_ENABLE_OBJC_ARC = YES;
				CLANG_WARN_BOOL_CONVERSION = YES;
				CLANG_WARN_CONSTANT_CONVERSION = YES;
				CLANG_WARN_DIRECT_OBJC_ISA_USAGE = YES_ERROR;
				CLANG_WARN_EMPTY_BODY = YES;
				CLANG_WARN_ENUM_CONVERSION = YES;
				CLANG_WARN_INT_CONVERSION = YES;
				CLANG_WARN_OBJC_ROOT_CLASS = YES_ERROR;
				CLANG_WARN__DUPLICATE_METHOD_MATCH = YES;
				"CODE_SIGN_IDENTITY[sdk=iphoneos*]" = "iPhone Developer";
				COPY_PHASE_STRIP = YES;
				ENABLE_NS_ASSERTIONS = NO;
				GCC_C_LANGUAGE_STANDARD = gnu99;
				GCC_WARN_64_TO_32_BIT_CONVERSION = YES;
				GCC_WARN_ABOUT_RETURN_TYPE = YES_ERROR;
				GCC_WARN_UNDECLARED_SELECTOR = YES;
				GCC_WARN_UNINITIALIZED_AUTOS = YES;
				GCC_WARN_UNUSED_FUNCTION = YES;
				GCC_WARN_UNUSED_VARIABLE = YES;
				IPHONEOS_DEPLOYMENT_TARGET = 7.0;
				SDKROOT = iphoneos;
				TARGETED_DEVICE_FAMILY = "1,2";
				VALIDATE_PRODUCT = YES;
			};
			name = Release;
		};
		82AAAF7F18B3A13400E4A221 /* Debug */ = {
			isa = XCBuildConfiguration;
			buildSettings = {
				ASSETCATALOG_COMPILER_APPICON_NAME = AppIcon;
				ASSETCATALOG_COMPILER_LAUNCHIMAGE_NAME = LaunchImage;
				FRAMEWORK_SEARCH_PATHS = (
					"$(inherited)",
					"$(USER_LIBRARY_DIR)/Developer/Xcode/DerivedData/Woodo_Workspace_iOS-bgvixyndxelodtenfquxgdrtjxxe/Build/Intermediates/ArchiveIntermediates/Woodo\\ Project\\ iOS/IntermediateBuildFilesPath/UninstalledProducts",
				);
				GCC_PRECOMPILE_PREFIX_HEADER = YES;
				GCC_PREFIX_HEADER = "WoodoTest/WoodoTest-Prefix.pch";
				INFOPLIST_FILE = "WoodoTest/WoodoTest-Info.plist";
				OTHER_LDFLAGS = "-ObjC";
				PRODUCT_NAME = "$(TARGET_NAME)";
				WRAPPER_EXTENSION = app;
			};
			name = Debug;
		};
		82AAAF8018B3A13400E4A221 /* Release */ = {
			isa = XCBuildConfiguration;
			buildSettings = {
				ASSETCATALOG_COMPILER_APPICON_NAME = AppIcon;
				ASSETCATALOG_COMPILER_LAUNCHIMAGE_NAME = LaunchImage;
				FRAMEWORK_SEARCH_PATHS = (
					"$(inherited)",
					"$(USER_LIBRARY_DIR)/Developer/Xcode/DerivedData/Woodo_Workspace_iOS-bgvixyndxelodtenfquxgdrtjxxe/Build/Intermediates/ArchiveIntermediates/Woodo\\ Project\\ iOS/IntermediateBuildFilesPath/UninstalledProducts",
				);
				GCC_PRECOMPILE_PREFIX_HEADER = YES;
				GCC_PREFIX_HEADER = "WoodoTest/WoodoTest-Prefix.pch";
				INFOPLIST_FILE = "WoodoTest/WoodoTest-Info.plist";
				OTHER_LDFLAGS = "-ObjC";
				PRODUCT_NAME = "$(TARGET_NAME)";
				WRAPPER_EXTENSION = app;
			};
			name = Release;
		};
		82AAAF8218B3A13400E4A221 /* Debug */ = {
			isa = XCBuildConfiguration;
			buildSettings = {
				ARCHS = "$(ARCHS_STANDARD_INCLUDING_64_BIT)";
				BUNDLE_LOADER = "$(BUILT_PRODUCTS_DIR)/WoodoTest.app/WoodoTest";
				FRAMEWORK_SEARCH_PATHS = (
					"$(SDKROOT)/Developer/Library/Frameworks",
					"$(inherited)",
					"$(DEVELOPER_FRAMEWORKS_DIR)",
				);
				GCC_PRECOMPILE_PREFIX_HEADER = YES;
				GCC_PREFIX_HEADER = "WoodoTest/WoodoTest-Prefix.pch";
				GCC_PREPROCESSOR_DEFINITIONS = (
					"DEBUG=1",
					"$(inherited)",
				);
				INFOPLIST_FILE = "WoodoTestTests/WoodoTestTests-Info.plist";
				PRODUCT_NAME = "$(TARGET_NAME)";
				TEST_HOST = "$(BUNDLE_LOADER)";
				WRAPPER_EXTENSION = xctest;
			};
			name = Debug;
		};
		82AAAF8318B3A13400E4A221 /* Release */ = {
			isa = XCBuildConfiguration;
			buildSettings = {
				ARCHS = "$(ARCHS_STANDARD_INCLUDING_64_BIT)";
				BUNDLE_LOADER = "$(BUILT_PRODUCTS_DIR)/WoodoTest.app/WoodoTest";
				FRAMEWORK_SEARCH_PATHS = (
					"$(SDKROOT)/Developer/Library/Frameworks",
					"$(inherited)",
					"$(DEVELOPER_FRAMEWORKS_DIR)",
				);
				GCC_PRECOMPILE_PREFIX_HEADER = YES;
				GCC_PREFIX_HEADER = "WoodoTest/WoodoTest-Prefix.pch";
				INFOPLIST_FILE = "WoodoTestTests/WoodoTestTests-Info.plist";
				PRODUCT_NAME = "$(TARGET_NAME)";
				TEST_HOST = "$(BUNDLE_LOADER)";
				WRAPPER_EXTENSION = xctest;
			};
			name = Release;
		};
/* End XCBuildConfiguration section */

/* Begin XCConfigurationList section */
		82AAAF4418B3A13300E4A221 /* Build configuration list for PBXProject "WoodoTest" */ = {
			isa = XCConfigurationList;
			buildConfigurations = (
				82AAAF7C18B3A13400E4A221 /* Debug */,
				82AAAF7D18B3A13400E4A221 /* Release */,
			);
			defaultConfigurationIsVisible = 0;
			defaultConfigurationName = Release;
		};
		82AAAF7E18B3A13400E4A221 /* Build configuration list for PBXNativeTarget "WoodoTest" */ = {
			isa = XCConfigurationList;
			buildConfigurations = (
				82AAAF7F18B3A13400E4A221 /* Debug */,
				82AAAF8018B3A13400E4A221 /* Release */,
			);
			defaultConfigurationIsVisible = 0;
			defaultConfigurationName = Release;
		};
		82AAAF8118B3A13400E4A221 /* Build configuration list for PBXNativeTarget "WoodoTestTests" */ = {
			isa = XCConfigurationList;
			buildConfigurations = (
				82AAAF8218B3A13400E4A221 /* Debug */,
				82AAAF8318B3A13400E4A221 /* Release */,
			);
			defaultConfigurationIsVisible = 0;
			defaultConfigurationName = Release;
		};
/* End XCConfigurationList section */
	};
	rootObject = 82AAAF4118B3A13300E4A221 /* Project object */;
}
